
Microsoft Visual Studio Solution File, Format Version 12.00
# Visual Studio 15
VisualStudioVersion = 15.0.27004.2008
MinimumVisualStudioVersion = 10.0.40219.1
Project("{FAE04EC0-301F-11D3-BF4B-00C04F79EFBC}") = "FoodGroup.Android", "FoodGroup\FoodGroup.Android\FoodGroup.Android.csproj", "{EFB126B6-5B21-4920-842B-8E379B2B2C1A}"
EndProject
Project("{FAE04EC0-301F-11D3-BF4B-00C04F79EFBC}") = "FoodGroup", "FoodGroup\FoodGroup\FoodGroup.csproj", "{65AA275D-BB80-4D33-813F-FE3EF364172D}"
EndProject
Project("{FAE04EC0-301F-11D3-BF4B-00C04F79EFBC}") = "FoodGroup.UWP", "FoodGroup\FoodGroup.UWP\FoodGroup.UWP.csproj", "{E4E8F11F-AE42-4CE9-9338-15166770EB14}"
EndProject
Project("{FAE04EC0-301F-11D3-BF4B-00C04F79EFBC}") = "FoodGroup.iOS", "FoodGroup\FoodGroup.iOS\FoodGroup.iOS.csproj", "{B22BF629-196D-4C71-9F30-510ED13FF66F}"
EndProject
Global
	GlobalSection(SolutionConfigurationPlatforms) = preSolution
		Ad-Hoc|Any CPU = Ad-Hoc|Any CPU
		Ad-Hoc|ARM = Ad-Hoc|ARM
		Ad-Hoc|iPhone = Ad-Hoc|iPhone
		Ad-Hoc|iPhoneSimulator = Ad-Hoc|iPhoneSimulator
		Ad-Hoc|x64 = Ad-Hoc|x64
		Ad-Hoc|x86 = Ad-Hoc|x86
		AppStore|Any CPU = AppStore|Any CPU
		AppStore|ARM = AppStore|ARM
		AppStore|iPhone = AppStore|iPhone
		AppStore|iPhoneSimulator = AppStore|iPhoneSimulator
		AppStore|x64 = AppStore|x64
		AppStore|x86 = AppStore|x86
		Debug|Any CPU = Debug|Any CPU
		Debug|ARM = Debug|ARM
		Debug|iPhone = Debug|iPhone
		Debug|iPhoneSimulator = Debug|iPhoneSimulator
		Debug|x64 = Debug|x64
		Debug|x86 = Debug|x86
		Release|Any CPU = Release|Any CPU
		Release|ARM = Release|ARM
		Release|iPhone = Release|iPhone
		Release|iPhoneSimulator = Release|iPhoneSimulator
		Release|x64 = Release|x64
		Release|x86 = Release|x86
	EndGlobalSection
	GlobalSection(ProjectConfigurationPlatforms) = postSolution
		{EFB126B6-5B21-4920-842B-8E379B2B2C1A}.Ad-Hoc|Any CPU.ActiveCfg = Release|Any CPU
		{EFB126B6-5B21-4920-842B-8E379B2B2C1A}.Ad-Hoc|Any CPU.Build.0 = Release|Any CPU
		{EFB126B6-5B21-4920-842B-8E379B2B2C1A}.Ad-Hoc|Any CPU.Deploy.0 = Release|Any CPU
		{EFB126B6-5B21-4920-842B-8E379B2B2C1A}.Ad-Hoc|ARM.ActiveCfg = Release|Any CPU
		{EFB126B6-5B21-4920-842B-8E379B2B2C1A}.Ad-Hoc|ARM.Build.0 = Release|Any CPU
		{EFB126B6-5B21-4920-842B-8E379B2B2C1A}.Ad-Hoc|ARM.Deploy.0 = Release|Any CPU
		{EFB126B6-5B21-4920-842B-8E379B2B2C1A}.Ad-Hoc|iPhone.ActiveCfg = Release|Any CPU
		{EFB126B6-5B21-4920-842B-8E379B2B2C1A}.Ad-Hoc|iPhone.Build.0 = Release|Any CPU
		{EFB126B6-5B21-4920-842B-8E379B2B2C1A}.Ad-Hoc|iPhone.Deploy.0 = Release|Any CPU
		{EFB126B6-5B21-4920-842B-8E379B2B2C1A}.Ad-Hoc|iPhoneSimulator.ActiveCfg = Release|Any CPU
		{EFB126B6-5B21-4920-842B-8E379B2B2C1A}.Ad-Hoc|iPhoneSimulator.Build.0 = Release|Any CPU
		{EFB126B6-5B21-4920-842B-8E379B2B2C1A}.Ad-Hoc|iPhoneSimulator.Deploy.0 = Release|Any CPU
		{EFB126B6-5B21-4920-842B-8E379B2B2C1A}.Ad-Hoc|x64.ActiveCfg = Release|Any CPU
		{EFB126B6-5B21-4920-842B-8E379B2B2C1A}.Ad-Hoc|x64.Build.0 = Release|Any CPU
		{EFB126B6-5B21-4920-842B-8E379B2B2C1A}.Ad-Hoc|x64.Deploy.0 = Release|Any CPU
		{EFB126B6-5B21-4920-842B-8E379B2B2C1A}.Ad-Hoc|x86.ActiveCfg = Release|Any CPU
		{EFB126B6-5B21-4920-842B-8E379B2B2C1A}.Ad-Hoc|x86.Build.0 = Release|Any CPU
		{EFB126B6-5B21-4920-842B-8E379B2B2C1A}.Ad-Hoc|x86.Deploy.0 = Release|Any CPU
		{EFB126B6-5B21-4920-842B-8E379B2B2C1A}.AppStore|Any CPU.ActiveCfg = Release|Any CPU
		{EFB126B6-5B21-4920-842B-8E379B2B2C1A}.AppStore|Any CPU.Build.0 = Release|Any CPU
		{EFB126B6-5B21-4920-842B-8E379B2B2C1A}.AppStore|Any CPU.Deploy.0 = Release|Any CPU
		{EFB126B6-5B21-4920-842B-8E379B2B2C1A}.AppStore|ARM.ActiveCfg = Release|Any CPU
		{EFB126B6-5B21-4920-842B-8E379B2B2C1A}.AppStore|ARM.Build.0 = Release|Any CPU
		{EFB126B6-5B21-4920-842B-8E379B2B2C1A}.AppStore|ARM.Deploy.0 = Release|Any CPU
		{EFB126B6-5B21-4920-842B-8E379B2B2C1A}.AppStore|iPhone.ActiveCfg = Release|Any CPU
		{EFB126B6-5B21-4920-842B-8E379B2B2C1A}.AppStore|iPhone.Build.0 = Release|Any CPU
		{EFB126B6-5B21-4920-842B-8E379B2B2C1A}.AppStore|iPhone.Deploy.0 = Release|Any CPU
		{EFB126B6-5B21-4920-842B-8E379B2B2C1A}.AppStore|iPhoneSimulator.ActiveCfg = Release|Any CPU
		{EFB126B6-5B21-4920-842B-8E379B2B2C1A}.AppStore|iPhoneSimulator.Build.0 = Release|Any CPU
		{EFB126B6-5B21-4920-842B-8E379B2B2C1A}.AppStore|iPhoneSimulator.Deploy.0 = Release|Any CPU
		{EFB126B6-5B21-4920-842B-8E379B2B2C1A}.AppStore|x64.ActiveCfg = Release|Any CPU
		{EFB126B6-5B21-4920-842B-8E379B2B2C1A}.AppStore|x64.Build.0 = Release|Any CPU
		{EFB126B6-5B21-4920-842B-8E379B2B2C1A}.AppStore|x64.Deploy.0 = Release|Any CPU
		{EFB126B6-5B21-4920-842B-8E379B2B2C1A}.AppStore|x86.ActiveCfg = Release|Any CPU
		{EFB126B6-5B21-4920-842B-8E379B2B2C1A}.AppStore|x86.Build.0 = Release|Any CPU
		{EFB126B6-5B21-4920-842B-8E379B2B2C1A}.AppStore|x86.Deploy.0 = Release|Any CPU
		{EFB126B6-5B21-4920-842B-8E379B2B2C1A}.Debug|Any CPU.ActiveCfg = Debug|Any CPU
		{EFB126B6-5B21-4920-842B-8E379B2B2C1A}.Debug|Any CPU.Build.0 = Debug|Any CPU
		{EFB126B6-5B21-4920-842B-8E379B2B2C1A}.Debug|Any CPU.Deploy.0 = Debug|Any CPU
		{EFB126B6-5B21-4920-842B-8E379B2B2C1A}.Debug|ARM.ActiveCfg = Debug|Any CPU
		{EFB126B6-5B21-4920-842B-8E379B2B2C1A}.Debug|ARM.Build.0 = Debug|Any CPU
		{EFB126B6-5B21-4920-842B-8E379B2B2C1A}.Debug|ARM.Deploy.0 = Debug|Any CPU
		{EFB126B6-5B21-4920-842B-8E379B2B2C1A}.Debug|iPhone.ActiveCfg = Debug|Any CPU
		{EFB126B6-5B21-4920-842B-8E379B2B2C1A}.Debug|iPhone.Build.0 = Debug|Any CPU
		{EFB126B6-5B21-4920-842B-8E379B2B2C1A}.Debug|iPhone.Deploy.0 = Debug|Any CPU
		{EFB126B6-5B21-4920-842B-8E379B2B2C1A}.Debug|iPhoneSimulator.ActiveCfg = Debug|Any CPU
		{EFB126B6-5B21-4920-842B-8E379B2B2C1A}.Debug|iPhoneSimulator.Build.0 = Debug|Any CPU
		{EFB126B6-5B21-4920-842B-8E379B2B2C1A}.Debug|iPhoneSimulator.Deploy.0 = Debug|Any CPU
		{EFB126B6-5B21-4920-842B-8E379B2B2C1A}.Debug|x64.ActiveCfg = Debug|Any CPU
		{EFB126B6-5B21-4920-842B-8E379B2B2C1A}.Debug|x64.Build.0 = Debug|Any CPU
		{EFB126B6-5B21-4920-842B-8E379B2B2C1A}.Debug|x64.Deploy.0 = Debug|Any CPU
		{EFB126B6-5B21-4920-842B-8E379B2B2C1A}.Debug|x86.ActiveCfg = Debug|Any CPU
		{EFB126B6-5B21-4920-842B-8E379B2B2C1A}.Debug|x86.Build.0 = Debug|Any CPU
		{EFB126B6-5B21-4920-842B-8E379B2B2C1A}.Debug|x86.Deploy.0 = Debug|Any CPU
		{EFB126B6-5B21-4920-842B-8E379B2B2C1A}.Release|Any CPU.ActiveCfg = Release|Any CPU
		{EFB126B6-5B21-4920-842B-8E379B2B2C1A}.Release|Any CPU.Build.0 = Release|Any CPU
		{EFB126B6-5B21-4920-842B-8E379B2B2C1A}.Release|Any CPU.Deploy.0 = Release|Any CPU
		{EFB126B6-5B21-4920-842B-8E379B2B2C1A}.Release|ARM.ActiveCfg = Release|Any CPU
		{EFB126B6-5B21-4920-842B-8E379B2B2C1A}.Release|ARM.Build.0 = Release|Any CPU
		{EFB126B6-5B21-4920-842B-8E379B2B2C1A}.Release|ARM.Deploy.0 = Release|Any CPU
		{EFB126B6-5B21-4920-842B-8E379B2B2C1A}.Release|iPhone.ActiveCfg = Release|Any CPU
		{EFB126B6-5B21-4920-842B-8E379B2B2C1A}.Release|iPhone.Build.0 = Release|Any CPU
		{EFB126B6-5B21-4920-842B-8E379B2B2C1A}.Release|iPhone.Deploy.0 = Release|Any CPU
		{EFB126B6-5B21-4920-842B-8E379B2B2C1A}.Release|iPhoneSimulator.ActiveCfg = Release|Any CPU
		{EFB126B6-5B21-4920-842B-8E379B2B2C1A}.Release|iPhoneSimulator.Build.0 = Release|Any CPU
		{EFB126B6-5B21-4920-842B-8E379B2B2C1A}.Release|iPhoneSimulator.Deploy.0 = Release|Any CPU
		{EFB126B6-5B21-4920-842B-8E379B2B2C1A}.Release|x64.ActiveCfg = Release|Any CPU
		{EFB126B6-5B21-4920-842B-8E379B2B2C1A}.Release|x64.Build.0 = Release|Any CPU
		{EFB126B6-5B21-4920-842B-8E379B2B2C1A}.Release|x64.Deploy.0 = Release|Any CPU
		{EFB126B6-5B21-4920-842B-8E379B2B2C1A}.Release|x86.ActiveCfg = Release|Any CPU
		{EFB126B6-5B21-4920-842B-8E379B2B2C1A}.Release|x86.Build.0 = Release|Any CPU
		{EFB126B6-5B21-4920-842B-8E379B2B2C1A}.Release|x86.Deploy.0 = Release|Any CPU
		{65AA275D-BB80-4D33-813F-FE3EF364172D}.Ad-Hoc|Any CPU.ActiveCfg = Release|Any CPU
		{65AA275D-BB80-4D33-813F-FE3EF364172D}.Ad-Hoc|Any CPU.Build.0 = Release|Any CPU
		{65AA275D-BB80-4D33-813F-FE3EF364172D}.Ad-Hoc|ARM.ActiveCfg = Release|Any CPU
		{65AA275D-BB80-4D33-813F-FE3EF364172D}.Ad-Hoc|ARM.Build.0 = Release|Any CPU
		{65AA275D-BB80-4D33-813F-FE3EF364172D}.Ad-Hoc|iPhone.ActiveCfg = Release|Any CPU
		{65AA275D-BB80-4D33-813F-FE3EF364172D}.Ad-Hoc|iPhone.Build.0 = Release|Any CPU
		{65AA275D-BB80-4D33-813F-FE3EF364172D}.Ad-Hoc|iPhoneSimulator.ActiveCfg = Release|Any CPU
		{65AA275D-BB80-4D33-813F-FE3EF364172D}.Ad-Hoc|iPhoneSimulator.Build.0 = Release|Any CPU
		{65AA275D-BB80-4D33-813F-FE3EF364172D}.Ad-Hoc|x64.ActiveCfg = Release|Any CPU
		{65AA275D-BB80-4D33-813F-FE3EF364172D}.Ad-Hoc|x64.Build.0 = Release|Any CPU
		{65AA275D-BB80-4D33-813F-FE3EF364172D}.Ad-Hoc|x86.ActiveCfg = Release|Any CPU
		{65AA275D-BB80-4D33-813F-FE3EF364172D}.Ad-Hoc|x86.Build.0 = Release|Any CPU
		{65AA275D-BB80-4D33-813F-FE3EF364172D}.AppStore|Any CPU.ActiveCfg = Release|Any CPU
		{65AA275D-BB80-4D33-813F-FE3EF364172D}.AppStore|Any CPU.Build.0 = Release|Any CPU
		{65AA275D-BB80-4D33-813F-FE3EF364172D}.AppStore|ARM.ActiveCfg = Release|Any CPU
		{65AA275D-BB80-4D33-813F-FE3EF364172D}.AppStore|ARM.Build.0 = Release|Any CPU
		{65AA275D-BB80-4D33-813F-FE3EF364172D}.AppStore|iPhone.ActiveCfg = Release|Any CPU
		{65AA275D-BB80-4D33-813F-FE3EF364172D}.AppStore|iPhone.Build.0 = Release|Any CPU
		{65AA275D-BB80-4D33-813F-FE3EF364172D}.AppStore|iPhoneSimulator.ActiveCfg = Release|Any CPU
		{65AA275D-BB80-4D33-813F-FE3EF364172D}.AppStore|iPhoneSimulator.Build.0 = Release|Any CPU
		{65AA275D-BB80-4D33-813F-FE3EF364172D}.AppStore|x64.ActiveCfg = Release|Any CPU
		{65AA275D-BB80-4D33-813F-FE3EF364172D}.AppStore|x64.Build.0 = Release|Any CPU
		{65AA275D-BB80-4D33-813F-FE3EF364172D}.AppStore|x86.ActiveCfg = Release|Any CPU
		{65AA275D-BB80-4D33-813F-FE3EF364172D}.AppStore|x86.Build.0 = Release|Any CPU
		{65AA275D-BB80-4D33-813F-FE3EF364172D}.Debug|Any CPU.ActiveCfg = Debug|Any CPU
		{65AA275D-BB80-4D33-813F-FE3EF364172D}.Debug|Any CPU.Build.0 = Debug|Any CPU
		{65AA275D-BB80-4D33-813F-FE3EF364172D}.Debug|ARM.ActiveCfg = Debug|Any CPU
		{65AA275D-BB80-4D33-813F-FE3EF364172D}.Debug|ARM.Build.0 = Debug|Any CPU
		{65AA275D-BB80-4D33-813F-FE3EF364172D}.Debug|iPhone.ActiveCfg = Debug|Any CPU
		{65AA275D-BB80-4D33-813F-FE3EF364172D}.Debug|iPhone.Build.0 = Debug|Any CPU
		{65AA275D-BB80-4D33-813F-FE3EF364172D}.Debug|iPhoneSimulator.ActiveCfg = Debug|Any CPU
		{65AA275D-BB80-4D33-813F-FE3EF364172D}.Debug|iPhoneSimulator.Build.0 = Debug|Any CPU
		{65AA275D-BB80-4D33-813F-FE3EF364172D}.Debug|x64.ActiveCfg = Debug|Any CPU
		{65AA275D-BB80-4D33-813F-FE3EF364172D}.Debug|x64.Build.0 = Debug|Any CPU
		{65AA275D-BB80-4D33-813F-FE3EF364172D}.Debug|x86.ActiveCfg = Debug|Any CPU
		{65AA275D-BB80-4D33-813F-FE3EF364172D}.Debug|x86.Build.0 = Debug|Any CPU
		{65AA275D-BB80-4D33-813F-FE3EF364172D}.Release|Any CPU.ActiveCfg = Release|Any CPU
		{65AA275D-BB80-4D33-813F-FE3EF364172D}.Release|Any CPU.Build.0 = Release|Any CPU
		{65AA275D-BB80-4D33-813F-FE3EF364172D}.Release|ARM.ActiveCfg = Release|Any CPU
		{65AA275D-BB80-4D33-813F-FE3EF364172D}.Release|ARM.Build.0 = Release|Any CPU
		{65AA275D-BB80-4D33-813F-FE3EF364172D}.Release|iPhone.ActiveCfg = Release|Any CPU
		{65AA275D-BB80-4D33-813F-FE3EF364172D}.Release|iPhone.Build.0 = Release|Any CPU
		{65AA275D-BB80-4D33-813F-FE3EF364172D}.Release|iPhoneSimulator.ActiveCfg = Release|Any CPU
		{65AA275D-BB80-4D33-813F-FE3EF364172D}.Release|iPhoneSimulator.Build.0 = Release|Any CPU
		{65AA275D-BB80-4D33-813F-FE3EF364172D}.Release|x64.ActiveCfg = Release|Any CPU
		{65AA275D-BB80-4D33-813F-FE3EF364172D}.Release|x64.Build.0 = Release|Any CPU
		{65AA275D-BB80-4D33-813F-FE3EF364172D}.Release|x86.ActiveCfg = Release|Any CPU
		{65AA275D-BB80-4D33-813F-FE3EF364172D}.Release|x86.Build.0 = Release|Any CPU
		{E4E8F11F-AE42-4CE9-9338-15166770EB14}.Ad-Hoc|Any CPU.ActiveCfg = Release|x86
		{E4E8F11F-AE42-4CE9-9338-15166770EB14}.Ad-Hoc|Any CPU.Build.0 = Release|x86
		{E4E8F11F-AE42-4CE9-9338-15166770EB14}.Ad-Hoc|Any CPU.Deploy.0 = Release|x86
		{E4E8F11F-AE42-4CE9-9338-15166770EB14}.Ad-Hoc|ARM.ActiveCfg = Release|ARM
		{E4E8F11F-AE42-4CE9-9338-15166770EB14}.Ad-Hoc|ARM.Build.0 = Release|ARM
		{E4E8F11F-AE42-4CE9-9338-15166770EB14}.Ad-Hoc|ARM.Deploy.0 = Release|ARM
		{E4E8F11F-AE42-4CE9-9338-15166770EB14}.Ad-Hoc|iPhone.ActiveCfg = Release|x86
		{E4E8F11F-AE42-4CE9-9338-15166770EB14}.Ad-Hoc|iPhone.Build.0 = Release|x86
		{E4E8F11F-AE42-4CE9-9338-15166770EB14}.Ad-Hoc|iPhone.Deploy.0 = Release|x86
		{E4E8F11F-AE42-4CE9-9338-15166770EB14}.Ad-Hoc|iPhoneSimulator.ActiveCfg = Release|x86
		{E4E8F11F-AE42-4CE9-9338-15166770EB14}.Ad-Hoc|iPhoneSimulator.Build.0 = Release|x86
		{E4E8F11F-AE42-4CE9-9338-15166770EB14}.Ad-Hoc|iPhoneSimulator.Deploy.0 = Release|x86
		{E4E8F11F-AE42-4CE9-9338-15166770EB14}.Ad-Hoc|x64.ActiveCfg = Release|x64
		{E4E8F11F-AE42-4CE9-9338-15166770EB14}.Ad-Hoc|x64.Build.0 = Release|x64
		{E4E8F11F-AE42-4CE9-9338-15166770EB14}.Ad-Hoc|x64.Deploy.0 = Release|x64
		{E4E8F11F-AE42-4CE9-9338-15166770EB14}.Ad-Hoc|x86.ActiveCfg = Release|x86
		{E4E8F11F-AE42-4CE9-9338-15166770EB14}.Ad-Hoc|x86.Build.0 = Release|x86
		{E4E8F11F-AE42-4CE9-9338-15166770EB14}.Ad-Hoc|x86.Deploy.0 = Release|x86
		{E4E8F11F-AE42-4CE9-9338-15166770EB14}.AppStore|Any CPU.ActiveCfg = Release|x86
		{E4E8F11F-AE42-4CE9-9338-15166770EB14}.AppStore|Any CPU.Build.0 = Release|x86
		{E4E8F11F-AE42-4CE9-9338-15166770EB14}.AppStore|Any CPU.Deploy.0 = Release|x86
		{E4E8F11F-AE42-4CE9-9338-15166770EB14}.AppStore|ARM.ActiveCfg = Release|ARM
		{E4E8F11F-AE42-4CE9-9338-15166770EB14}.AppStore|ARM.Build.0 = Release|ARM
		{E4E8F11F-AE42-4CE9-9338-15166770EB14}.AppStore|ARM.Deploy.0 = Release|ARM
		{E4E8F11F-AE42-4CE9-9338-15166770EB14}.AppStore|iPhone.ActiveCfg = Release|x86
		{E4E8F11F-AE42-4CE9-9338-15166770EB14}.AppStore|iPhone.Build.0 = Release|x86
		{E4E8F11F-AE42-4CE9-9338-15166770EB14}.AppStore|iPhone.Deploy.0 = Release|x86
		{E4E8F11F-AE42-4CE9-9338-15166770EB14}.AppStore|iPhoneSimulator.ActiveCfg = Release|x86
		{E4E8F11F-AE42-4CE9-9338-15166770EB14}.AppStore|iPhoneSimulator.Build.0 = Release|x86
		{E4E8F11F-AE42-4CE9-9338-15166770EB14}.AppStore|iPhoneSimulator.Deploy.0 = Release|x86
		{E4E8F11F-AE42-4CE9-9338-15166770EB14}.AppStore|x64.ActiveCfg = Release|x64
		{E4E8F11F-AE42-4CE9-9338-15166770EB14}.AppStore|x64.Build.0 = Release|x64
		{E4E8F11F-AE42-4CE9-9338-15166770EB14}.AppStore|x64.Deploy.0 = Release|x64
		{E4E8F11F-AE42-4CE9-9338-15166770EB14}.AppStore|x86.ActiveCfg = Release|x86
		{E4E8F11F-AE42-4CE9-9338-15166770EB14}.AppStore|x86.Build.0 = Release|x86
		{E4E8F11F-AE42-4CE9-9338-15166770EB14}.AppStore|x86.Deploy.0 = Release|x86
		{E4E8F11F-AE42-4CE9-9338-15166770EB14}.Debug|Any CPU.ActiveCfg = Debug|x86
		{E4E8F11F-AE42-4CE9-9338-15166770EB14}.Debug|ARM.ActiveCfg = Debug|ARM
		{E4E8F11F-AE42-4CE9-9338-15166770EB14}.Debug|ARM.Build.0 = Debug|ARM
		{E4E8F11F-AE42-4CE9-9338-15166770EB14}.Debug|ARM.Deploy.0 = Debug|ARM
		{E4E8F11F-AE42-4CE9-9338-15166770EB14}.Debug|iPhone.ActiveCfg = Debug|x86
		{E4E8F11F-AE42-4CE9-9338-15166770EB14}.Debug|iPhoneSimulator.ActiveCfg = Debug|x86
		{E4E8F11F-AE42-4CE9-9338-15166770EB14}.Debug|x64.ActiveCfg = Debug|x64
		{E4E8F11F-AE42-4CE9-9338-15166770EB14}.Debug|x64.Build.0 = Debug|x64
		{E4E8F11F-AE42-4CE9-9338-15166770EB14}.Debug|x64.Deploy.0 = Debug|x64
		{E4E8F11F-AE42-4CE9-9338-15166770EB14}.Debug|x86.ActiveCfg = Debug|x86
		{E4E8F11F-AE42-4CE9-9338-15166770EB14}.Debug|x86.Build.0 = Debug|x86
		{E4E8F11F-AE42-4CE9-9338-15166770EB14}.Debug|x86.Deploy.0 = Debug|x86
		{E4E8F11F-AE42-4CE9-9338-15166770EB14}.Release|Any CPU.ActiveCfg = Release|x86
		{E4E8F11F-AE42-4CE9-9338-15166770EB14}.Release|ARM.ActiveCfg = Release|ARM
		{E4E8F11F-AE42-4CE9-9338-15166770EB14}.Release|ARM.Build.0 = Release|ARM
		{E4E8F11F-AE42-4CE9-9338-15166770EB14}.Release|ARM.Deploy.0 = Release|ARM
		{E4E8F11F-AE42-4CE9-9338-15166770EB14}.Release|iPhone.ActiveCfg = Release|x86
		{E4E8F11F-AE42-4CE9-9338-15166770EB14}.Release|iPhoneSimulator.ActiveCfg = Release|x86
		{E4E8F11F-AE42-4CE9-9338-15166770EB14}.Release|x64.ActiveCfg = Release|x64
		{E4E8F11F-AE42-4CE9-9338-15166770EB14}.Release|x64.Build.0 = Release|x64
		{E4E8F11F-AE42-4CE9-9338-15166770EB14}.Release|x64.Deploy.0 = Release|x64
		{E4E8F11F-AE42-4CE9-9338-15166770EB14}.Release|x86.ActiveCfg = Release|x86
		{E4E8F11F-AE42-4CE9-9338-15166770EB14}.Release|x86.Build.0 = Release|x86
		{E4E8F11F-AE42-4CE9-9338-15166770EB14}.Release|x86.Deploy.0 = Release|x86
		{B22BF629-196D-4C71-9F30-510ED13FF66F}.Ad-Hoc|Any CPU.ActiveCfg = Ad-Hoc|iPhoneSimulator
		{B22BF629-196D-4C71-9F30-510ED13FF66F}.Ad-Hoc|ARM.ActiveCfg = Ad-Hoc|iPhone
		{B22BF629-196D-4C71-9F30-510ED13FF66F}.Ad-Hoc|iPhone.ActiveCfg = Ad-Hoc|iPhone
		{B22BF629-196D-4C71-9F30-510ED13FF66F}.Ad-Hoc|iPhone.Build.0 = Ad-Hoc|iPhone
		{B22BF629-196D-4C71-9F30-510ED13FF66F}.Ad-Hoc|iPhoneSimulator.ActiveCfg = Ad-Hoc|iPhoneSimulator
		{B22BF629-196D-4C71-9F30-510ED13FF66F}.Ad-Hoc|iPhoneSimulator.Build.0 = Ad-Hoc|iPhoneSimulator
		{B22BF629-196D-4C71-9F30-510ED13FF66F}.Ad-Hoc|x64.ActiveCfg = Ad-Hoc|iPhone
		{B22BF629-196D-4C71-9F30-510ED13FF66F}.Ad-Hoc|x86.ActiveCfg = Ad-Hoc|iPhone
		{B22BF629-196D-4C71-9F30-510ED13FF66F}.AppStore|Any CPU.ActiveCfg = AppStore|iPhoneSimulator
		{B22BF629-196D-4C71-9F30-510ED13FF66F}.AppStore|ARM.ActiveCfg = AppStore|iPhone
		{B22BF629-196D-4C71-9F30-510ED13FF66F}.AppStore|iPhone.ActiveCfg = AppStore|iPhone
		{B22BF629-196D-4C71-9F30-510ED13FF66F}.AppStore|iPhone.Build.0 = AppStore|iPhone
		{B22BF629-196D-4C71-9F30-510ED13FF66F}.AppStore|iPhoneSimulator.ActiveCfg = AppStore|iPhoneSimulator
		{B22BF629-196D-4C71-9F30-510ED13FF66F}.AppStore|iPhoneSimulator.Build.0 = AppStore|iPhoneSimulator
		{B22BF629-196D-4C71-9F30-510ED13FF66F}.AppStore|x64.ActiveCfg = AppStore|iPhone
		{B22BF629-196D-4C71-9F30-510ED13FF66F}.AppStore|x86.ActiveCfg = AppStore|iPhone
		{B22BF629-196D-4C71-9F30-510ED13FF66F}.Debug|Any CPU.ActiveCfg = Debug|iPhoneSimulator
		{B22BF629-196D-4C71-9F30-510ED13FF66F}.Debug|ARM.ActiveCfg = Debug|iPhone
		{B22BF629-196D-4C71-9F30-510ED13FF66F}.Debug|iPhone.ActiveCfg = Debug|iPhone
		{B22BF629-196D-4C71-9F30-510ED13FF66F}.Debug|iPhone.Build.0 = Debug|iPhone
		{B22BF629-196D-4C71-9F30-510ED13FF66F}.Debug|iPhoneSimulator.ActiveCfg = Debug|iPhoneSimulator
		{B22BF629-196D-4C71-9F30-510ED13FF66F}.Debug|iPhoneSimulator.Build.0 = Debug|iPhoneSimulator
		{B22BF629-196D-4C71-9F30-510ED13FF66F}.Debug|x64.ActiveCfg = Debug|iPhone
		{B22BF629-196D-4C71-9F30-510ED13FF66F}.Debug|x86.ActiveCfg = Debug|iPhone
		{B22BF629-196D-4C71-9F30-510ED13FF66F}.Release|Any CPU.ActiveCfg = Release|iPhoneSimulator
		{B22BF629-196D-4C71-9F30-510ED13FF66F}.Release|ARM.ActiveCfg = Release|iPhone
		{B22BF629-196D-4C71-9F30-510ED13FF66F}.Release|iPhone.ActiveCfg = Release|iPhone
		{B22BF629-196D-4C71-9F30-510ED13FF66F}.Release|iPhone.Build.0 = Release|iPhone
		{B22BF629-196D-4C71-9F30-510ED13FF66F}.Release|iPhoneSimulator.ActiveCfg = Release|iPhoneSimulator
		{B22BF629-196D-4C71-9F30-510ED13FF66F}.Release|iPhoneSimulator.Build.0 = Release|iPhoneSimulator
		{B22BF629-196D-4C71-9F30-510ED13FF66F}.Release|x64.ActiveCfg = Release|iPhone
		{B22BF629-196D-4C71-9F30-510ED13FF66F}.Release|x86.ActiveCfg = Release|iPhone
	EndGlobalSection
	GlobalSection(SolutionProperties) = preSolution
		HideSolutionNode = FALSE
	EndGlobalSection
	GlobalSection(ExtensibilityGlobals) = postSolution
		SolutionGuid = {F6A90FA0-9EEE-4A5E-B74C-94FC1F311347}
	EndGlobalSection
EndGlobal
